
Microsoft Visual Studio Solution File, Format Version 12.00
# Visual Studio 14
VisualStudioVersion = 14.0.24720.0
MinimumVisualStudioVersion = 10.0.40219.1
Project("{FAE04EC0-301F-11D3-BF4B-00C04F79EFBC}") = "Library", "Library\Library.csproj", "{EA0B287C-8D74-4D35-826C-13CC83308F30}"
EndProject
Project("{FAE04EC0-301F-11D3-BF4B-00C04F79EFBC}") = "Library.Tests", "Library.Tests\Library.Tests.csproj", "{6AD54757-C895-4BED-8AC4-1DAB9C5BDD16}"
EndProject
Global
	GlobalSection(SolutionConfigurationPlatforms) = preSolution
		Debug|Any CPU = Debug|Any CPU
		Release|Any CPU = Release|Any CPU
	EndGlobalSection
	GlobalSection(ProjectConfigurationPlatforms) = postSolution
		{EA0B287C-8D74-4D35-826C-13CC83308F30}.Debug|Any CPU.ActiveCfg = Debug|Any CPU
		{EA0B287C-8D74-4D35-826C-13CC83308F30}.Debug|Any CPU.Build.0 = Debug|Any CPU
		{EA0B287C-8D74-4D35-826C-13CC83308F30}.Release|Any CPU.ActiveCfg = Release|Any CPU
		{EA0B287C-8D74-4D35-826C-13CC83308F30}.Release|Any CPU.Build.0 = Release|Any CPU
		{6AD54757-C895-4BED-8AC4-1DAB9C5BDD16}.Debug|Any CPU.ActiveCfg = Debug|Any CPU
		{6AD54757-C895-4BED-8AC4-1DAB9C5BDD16}.Debug|Any CPU.Build.0 = Debug|Any CPU
		{6AD54757-C895-4BED-8AC4-1DAB9C5BDD16}.Release|Any CPU.ActiveCfg = Release|Any CPU
		{6AD54757-C895-4BED-8AC4-1DAB9C5BDD16}.Release|Any CPU.Build.0 = Release|Any CPU
	EndGlobalSection
	GlobalSection(SolutionProperties) = preSolution
		HideSolutionNode = FALSE
	EndGlobalSection
EndGlobal
